
Microsoft Visual Studio Solution File, Format Version 12.00
# Visual Studio 15
VisualStudioVersion = 15.0.27130.2036
MinimumVisualStudioVersion = 10.0.40219.1
Project("{9A19103F-16F7-4668-BE54-9A1E7A4F7556}") = "RX.Gateway.WebAPI", "RX.Gateway.WebAPI\RX.Gateway.WebAPI.csproj", "{3CCF3DAC-C7CD-40D8-AD12-219086D3CBD1}"
EndProject
Project("{9A19103F-16F7-4668-BE54-9A1E7A4F7556}") = "RX.Gateway.Model", "RX.Gateway.Model\RX.Gateway.Model.csproj", "{9DD2AEF6-ED07-4748-B2A2-CAA55208E5A9}"
EndProject
Project("{9A19103F-16F7-4668-BE54-9A1E7A4F7556}") = "RX.Gateway.WebAPI.MockThirdParty", "RX.Gateway.WebAPI.MockAdquirente\RX.Gateway.WebAPI.MockThirdParty.csproj", "{E72924BA-0CD6-42CB-AB24-0553EC205EE8}"
EndProject
Project("{9A19103F-16F7-4668-BE54-9A1E7A4F7556}") = "RX.Gateway.Model.API", "RX.Gateway.Model.API\RX.Gateway.Model.API.csproj", "{8AEAB5AC-41AA-417B-AA93-B6BDDE2F2DA8}"
EndProject
Project("{9A19103F-16F7-4668-BE54-9A1E7A4F7556}") = "RX.Gateway.ServiceAgent.AntiFraud", "RX.Gateway.ServiceAgent.AntiFraud\RX.Gateway.ServiceAgent.AntiFraud.csproj", "{3685FD22-7E9A-4C18-A855-C79935EDA4D8}"
EndProject
Project("{9A19103F-16F7-4668-BE54-9A1E7A4F7556}") = "RX.Gateway.ServiceAgent.Acquirier", "RX.Gateway.ServiceAgent.Acquirier\RX.Gateway.ServiceAgent.Acquirier.csproj", "{955A4BE9-CC6B-4438-A7D0-021985B91A53}"
EndProject
Project("{2150E333-8FDC-42A3-9474-1A3956D46DE8}") = "Model", "Model", "{3B410C4B-4FD0-4DB3-9F63-E069DE0FEF31}"
EndProject
Project("{2150E333-8FDC-42A3-9474-1A3956D46DE8}") = "Service.Agent", "Service.Agent", "{55EAA30B-000A-46F4-8005-28B88C48A57D}"
EndProject
Project("{2150E333-8FDC-42A3-9474-1A3956D46DE8}") = "API", "API", "{CF6C4308-3FF6-4D5D-AD06-B805BA2CA72C}"
EndProject
Project("{2150E333-8FDC-42A3-9474-1A3956D46DE8}") = "Test", "Test", "{31898D8B-CAF1-4C19-A754-567369B53D7B}"
EndProject
Project("{9A19103F-16F7-4668-BE54-9A1E7A4F7556}") = "RX.Gateway.ServiceAgent.Shopkeeper", "RX.Gateway.ServiceAgent.Shopkeeper\RX.Gateway.ServiceAgent.Shopkeeper.csproj", "{F81F9405-2650-420F-BE02-6E85644EE5FD}"
EndProject
Project("{9A19103F-16F7-4668-BE54-9A1E7A4F7556}") = "RX.Gateway.Shopkeeper.ConsoleApp", "RX.Gateway.Shopkeeper.ConsoleApp\RX.Gateway.Shopkeeper.ConsoleApp.csproj", "{2621C35F-8055-4492-8329-514BA6825C42}"
EndProject
Project("{2150E333-8FDC-42A3-9474-1A3956D46DE8}") = "Repository", "Repository", "{054AD695-290A-48E2-A697-6A21BE1BA26A}"
EndProject
Project("{9A19103F-16F7-4668-BE54-9A1E7A4F7556}") = "RX.Gateway.Repository.Interface", "RX.Gateway.Repository.Interface\RX.Gateway.Repository.Interface.csproj", "{78148365-68E7-4D95-BFFA-EC62080F97DE}"
EndProject
Project("{9A19103F-16F7-4668-BE54-9A1E7A4F7556}") = "RX.Gateway.Repository.EF", "RX.Gateway.Repository.EF\RX.Gateway.Repository.EF.csproj", "{8F583E62-CD33-4D22-A907-E3DEA0040C78}"
EndProject
Project("{9A19103F-16F7-4668-BE54-9A1E7A4F7556}") = "RX.Gateway.Service", "RX.Gateway.Service\RX.Gateway.Service.csproj", "{78195309-BDAB-4980-B6A6-19465B491441}"
EndProject
Project("{FAE04EC0-301F-11D3-BF4B-00C04F79EFBC}") = "RX.Gateway.Service.Interface", "RX.Gateway.Service.Interface\RX.Gateway.Service.Interface.csproj", "{714620E6-51F5-4536-9A46-ED8B8F49BED5}"
EndProject
Global
	GlobalSection(SolutionConfigurationPlatforms) = preSolution
		Debug|Any CPU = Debug|Any CPU
		Release|Any CPU = Release|Any CPU
	EndGlobalSection
	GlobalSection(ProjectConfigurationPlatforms) = postSolution
		{3CCF3DAC-C7CD-40D8-AD12-219086D3CBD1}.Debug|Any CPU.ActiveCfg = Debug|Any CPU
		{3CCF3DAC-C7CD-40D8-AD12-219086D3CBD1}.Debug|Any CPU.Build.0 = Debug|Any CPU
		{3CCF3DAC-C7CD-40D8-AD12-219086D3CBD1}.Release|Any CPU.ActiveCfg = Release|Any CPU
		{3CCF3DAC-C7CD-40D8-AD12-219086D3CBD1}.Release|Any CPU.Build.0 = Release|Any CPU
		{9DD2AEF6-ED07-4748-B2A2-CAA55208E5A9}.Debug|Any CPU.ActiveCfg = Debug|Any CPU
		{9DD2AEF6-ED07-4748-B2A2-CAA55208E5A9}.Debug|Any CPU.Build.0 = Debug|Any CPU
		{9DD2AEF6-ED07-4748-B2A2-CAA55208E5A9}.Release|Any CPU.ActiveCfg = Release|Any CPU
		{9DD2AEF6-ED07-4748-B2A2-CAA55208E5A9}.Release|Any CPU.Build.0 = Release|Any CPU
		{E72924BA-0CD6-42CB-AB24-0553EC205EE8}.Debug|Any CPU.ActiveCfg = Debug|Any CPU
		{E72924BA-0CD6-42CB-AB24-0553EC205EE8}.Debug|Any CPU.Build.0 = Debug|Any CPU
		{E72924BA-0CD6-42CB-AB24-0553EC205EE8}.Release|Any CPU.ActiveCfg = Release|Any CPU
		{E72924BA-0CD6-42CB-AB24-0553EC205EE8}.Release|Any CPU.Build.0 = Release|Any CPU
		{8AEAB5AC-41AA-417B-AA93-B6BDDE2F2DA8}.Debug|Any CPU.ActiveCfg = Debug|Any CPU
		{8AEAB5AC-41AA-417B-AA93-B6BDDE2F2DA8}.Debug|Any CPU.Build.0 = Debug|Any CPU
		{8AEAB5AC-41AA-417B-AA93-B6BDDE2F2DA8}.Release|Any CPU.ActiveCfg = Release|Any CPU
		{8AEAB5AC-41AA-417B-AA93-B6BDDE2F2DA8}.Release|Any CPU.Build.0 = Release|Any CPU
		{3685FD22-7E9A-4C18-A855-C79935EDA4D8}.Debug|Any CPU.ActiveCfg = Debug|Any CPU
		{3685FD22-7E9A-4C18-A855-C79935EDA4D8}.Debug|Any CPU.Build.0 = Debug|Any CPU
		{3685FD22-7E9A-4C18-A855-C79935EDA4D8}.Release|Any CPU.ActiveCfg = Release|Any CPU
		{3685FD22-7E9A-4C18-A855-C79935EDA4D8}.Release|Any CPU.Build.0 = Release|Any CPU
		{955A4BE9-CC6B-4438-A7D0-021985B91A53}.Debug|Any CPU.ActiveCfg = Debug|Any CPU
		{955A4BE9-CC6B-4438-A7D0-021985B91A53}.Debug|Any CPU.Build.0 = Debug|Any CPU
		{955A4BE9-CC6B-4438-A7D0-021985B91A53}.Release|Any CPU.ActiveCfg = Release|Any CPU
		{955A4BE9-CC6B-4438-A7D0-021985B91A53}.Release|Any CPU.Build.0 = Release|Any CPU
		{F81F9405-2650-420F-BE02-6E85644EE5FD}.Debug|Any CPU.ActiveCfg = Debug|Any CPU
		{F81F9405-2650-420F-BE02-6E85644EE5FD}.Debug|Any CPU.Build.0 = Debug|Any CPU
		{F81F9405-2650-420F-BE02-6E85644EE5FD}.Release|Any CPU.ActiveCfg = Release|Any CPU
		{F81F9405-2650-420F-BE02-6E85644EE5FD}.Release|Any CPU.Build.0 = Release|Any CPU
		{2621C35F-8055-4492-8329-514BA6825C42}.Debug|Any CPU.ActiveCfg = Debug|Any CPU
		{2621C35F-8055-4492-8329-514BA6825C42}.Debug|Any CPU.Build.0 = Debug|Any CPU
		{2621C35F-8055-4492-8329-514BA6825C42}.Release|Any CPU.ActiveCfg = Release|Any CPU
		{2621C35F-8055-4492-8329-514BA6825C42}.Release|Any CPU.Build.0 = Release|Any CPU
		{78148365-68E7-4D95-BFFA-EC62080F97DE}.Debug|Any CPU.ActiveCfg = Debug|Any CPU
		{78148365-68E7-4D95-BFFA-EC62080F97DE}.Debug|Any CPU.Build.0 = Debug|Any CPU
		{78148365-68E7-4D95-BFFA-EC62080F97DE}.Release|Any CPU.ActiveCfg = Release|Any CPU
		{78148365-68E7-4D95-BFFA-EC62080F97DE}.Release|Any CPU.Build.0 = Release|Any CPU
		{8F583E62-CD33-4D22-A907-E3DEA0040C78}.Debug|Any CPU.ActiveCfg = Debug|Any CPU
		{8F583E62-CD33-4D22-A907-E3DEA0040C78}.Debug|Any CPU.Build.0 = Debug|Any CPU
		{8F583E62-CD33-4D22-A907-E3DEA0040C78}.Release|Any CPU.ActiveCfg = Release|Any CPU
		{8F583E62-CD33-4D22-A907-E3DEA0040C78}.Release|Any CPU.Build.0 = Release|Any CPU
		{78195309-BDAB-4980-B6A6-19465B491441}.Debug|Any CPU.ActiveCfg = Debug|Any CPU
		{78195309-BDAB-4980-B6A6-19465B491441}.Debug|Any CPU.Build.0 = Debug|Any CPU
		{78195309-BDAB-4980-B6A6-19465B491441}.Release|Any CPU.ActiveCfg = Release|Any CPU
		{78195309-BDAB-4980-B6A6-19465B491441}.Release|Any CPU.Build.0 = Release|Any CPU
		{714620E6-51F5-4536-9A46-ED8B8F49BED5}.Debug|Any CPU.ActiveCfg = Debug|Any CPU
		{714620E6-51F5-4536-9A46-ED8B8F49BED5}.Debug|Any CPU.Build.0 = Debug|Any CPU
		{714620E6-51F5-4536-9A46-ED8B8F49BED5}.Release|Any CPU.ActiveCfg = Release|Any CPU
		{714620E6-51F5-4536-9A46-ED8B8F49BED5}.Release|Any CPU.Build.0 = Release|Any CPU
	EndGlobalSection
	GlobalSection(SolutionProperties) = preSolution
		HideSolutionNode = FALSE
	EndGlobalSection
	GlobalSection(NestedProjects) = preSolution
		{3CCF3DAC-C7CD-40D8-AD12-219086D3CBD1} = {CF6C4308-3FF6-4D5D-AD06-B805BA2CA72C}
		{9DD2AEF6-ED07-4748-B2A2-CAA55208E5A9} = {3B410C4B-4FD0-4DB3-9F63-E069DE0FEF31}
		{E72924BA-0CD6-42CB-AB24-0553EC205EE8} = {CF6C4308-3FF6-4D5D-AD06-B805BA2CA72C}
		{8AEAB5AC-41AA-417B-AA93-B6BDDE2F2DA8} = {3B410C4B-4FD0-4DB3-9F63-E069DE0FEF31}
		{3685FD22-7E9A-4C18-A855-C79935EDA4D8} = {55EAA30B-000A-46F4-8005-28B88C48A57D}
		{955A4BE9-CC6B-4438-A7D0-021985B91A53} = {55EAA30B-000A-46F4-8005-28B88C48A57D}
		{F81F9405-2650-420F-BE02-6E85644EE5FD} = {55EAA30B-000A-46F4-8005-28B88C48A57D}
		{2621C35F-8055-4492-8329-514BA6825C42} = {31898D8B-CAF1-4C19-A754-567369B53D7B}
		{78148365-68E7-4D95-BFFA-EC62080F97DE} = {054AD695-290A-48E2-A697-6A21BE1BA26A}
		{8F583E62-CD33-4D22-A907-E3DEA0040C78} = {054AD695-290A-48E2-A697-6A21BE1BA26A}
		{78195309-BDAB-4980-B6A6-19465B491441} = {054AD695-290A-48E2-A697-6A21BE1BA26A}
		{714620E6-51F5-4536-9A46-ED8B8F49BED5} = {054AD695-290A-48E2-A697-6A21BE1BA26A}
	EndGlobalSection
	GlobalSection(ExtensibilityGlobals) = postSolution
		SolutionGuid = {668FEF5F-73EB-4921-9704-A03119A4B108}
	EndGlobalSection
EndGlobal
